
Microsoft Visual Studio Solution File, Format Version 12.00
# Visual Studio Version 17
VisualStudioVersion = 17.7.34031.279
MinimumVisualStudioVersion = 10.0.40219.1
Project("{2150E333-8FDC-42A3-9474-1A3956D46DE8}") = "Proto", "Proto", "{643CCDBC-047E-4D85-9104-57692B77C31F}"
	ProjectSection(SolutionItems) = preProject
		source\Proto\Math.proto = source\Proto\Math.proto
		source\Proto\StreamTest.proto = source\Proto\StreamTest.proto
	EndProjectSection
EndProject
Project("{2150E333-8FDC-42A3-9474-1A3956D46DE8}") = "source", "source", "{C5C8A993-5D44-4457-8925-7CA299AD366D}"
EndProject
Project("{9A19103F-16F7-4668-BE54-9A1E7A4F7556}") = "Server", "source\Server\Server.csproj", "{20DA9FA2-E7D5-4053-9448-7FAFBD4F1A1A}"
EndProject
Project("{9A19103F-16F7-4668-BE54-9A1E7A4F7556}") = "Client", "source\Client\Client.csproj", "{13AEDD95-5DFF-4010-80B5-7E513A222B22}"
EndProject
Project("{2150E333-8FDC-42A3-9474-1A3956D46DE8}") = "Solution Items", "Solution Items", "{4BB410C6-B8AF-4626-A666-AE96738320F7}"
	ProjectSection(SolutionItems) = preProject
		Directory.Build.props = Directory.Build.props
	EndProjectSection
EndProject
Global
	GlobalSection(SolutionConfigurationPlatforms) = preSolution
		Debug|Any CPU = Debug|Any CPU
		Release|Any CPU = Release|Any CPU
	EndGlobalSection
	GlobalSection(ProjectConfigurationPlatforms) = postSolution
		{20DA9FA2-E7D5-4053-9448-7FAFBD4F1A1A}.Debug|Any CPU.ActiveCfg = Debug|Any CPU
		{20DA9FA2-E7D5-4053-9448-7FAFBD4F1A1A}.Debug|Any CPU.Build.0 = Debug|Any CPU
		{20DA9FA2-E7D5-4053-9448-7FAFBD4F1A1A}.Release|Any CPU.ActiveCfg = Release|Any CPU
		{20DA9FA2-E7D5-4053-9448-7FAFBD4F1A1A}.Release|Any CPU.Build.0 = Release|Any CPU
		{13AEDD95-5DFF-4010-80B5-7E513A222B22}.Debug|Any CPU.ActiveCfg = Debug|Any CPU
		{13AEDD95-5DFF-4010-80B5-7E513A222B22}.Debug|Any CPU.Build.0 = Debug|Any CPU
		{13AEDD95-5DFF-4010-80B5-7E513A222B22}.Release|Any CPU.ActiveCfg = Release|Any CPU
		{13AEDD95-5DFF-4010-80B5-7E513A222B22}.Release|Any CPU.Build.0 = Release|Any CPU
	EndGlobalSection
	GlobalSection(SolutionProperties) = preSolution
		HideSolutionNode = FALSE
	EndGlobalSection
	GlobalSection(NestedProjects) = preSolution
		{20DA9FA2-E7D5-4053-9448-7FAFBD4F1A1A} = {C5C8A993-5D44-4457-8925-7CA299AD366D}
		{13AEDD95-5DFF-4010-80B5-7E513A222B22} = {C5C8A993-5D44-4457-8925-7CA299AD366D}
	EndGlobalSection
	GlobalSection(ExtensibilityGlobals) = postSolution
		SolutionGuid = {7A16D0DA-6037-4327-BCAA-BE10243B4807}
	EndGlobalSection
EndGlobal
